
Microsoft Visual Studio Solution File, Format Version 12.00
# Visual Studio 15
Project("{FAE04EC0-301F-11D3-BF4B-00C04F79EFBC}") = "AsteraX", "AsteraX.csproj", "{FFF843C1-A447-DFC3-554E-614CE6CBCF8F}"
EndProject
Project("{FAE04EC0-301F-11D3-BF4B-00C04F79EFBC}") = "AsteraX.Plugins", "AsteraX.Plugins.csproj", "{16C36847-062C-78CB-27A8-88DFC778D307}"
EndProject
Project("{FAE04EC0-301F-11D3-BF4B-00C04F79EFBC}") = "AsteraX.Editor.Plugins", "AsteraX.Editor.Plugins.csproj", "{052A03A0-F057-E3DC-951F-9CB04B43F2DF}"
EndProject
Project("{FAE04EC0-301F-11D3-BF4B-00C04F79EFBC}") = "AsteraX.Editor", "AsteraX.Editor.csproj", "{174DF21B-96F1-2AAC-6DFA-BA4D41DBFF14}"
EndProject
Global
	GlobalSection(SolutionConfigurationPlatforms) = preSolution
		Debug|Any CPU = Debug|Any CPU
		Release|Any CPU = Release|Any CPU
	EndGlobalSection
	GlobalSection(ProjectConfigurationPlatforms) = postSolution
		{FFF843C1-A447-DFC3-554E-614CE6CBCF8F}.Debug|Any CPU.ActiveCfg = Debug|Any CPU
		{FFF843C1-A447-DFC3-554E-614CE6CBCF8F}.Debug|Any CPU.Build.0 = Debug|Any CPU
		{FFF843C1-A447-DFC3-554E-614CE6CBCF8F}.Release|Any CPU.ActiveCfg = Release|Any CPU
		{FFF843C1-A447-DFC3-554E-614CE6CBCF8F}.Release|Any CPU.Build.0 = Release|Any CPU
		{16C36847-062C-78CB-27A8-88DFC778D307}.Debug|Any CPU.ActiveCfg = Debug|Any CPU
		{16C36847-062C-78CB-27A8-88DFC778D307}.Debug|Any CPU.Build.0 = Debug|Any CPU
		{16C36847-062C-78CB-27A8-88DFC778D307}.Release|Any CPU.ActiveCfg = Release|Any CPU
		{16C36847-062C-78CB-27A8-88DFC778D307}.Release|Any CPU.Build.0 = Release|Any CPU
		{052A03A0-F057-E3DC-951F-9CB04B43F2DF}.Debug|Any CPU.ActiveCfg = Debug|Any CPU
		{052A03A0-F057-E3DC-951F-9CB04B43F2DF}.Debug|Any CPU.Build.0 = Debug|Any CPU
		{052A03A0-F057-E3DC-951F-9CB04B43F2DF}.Release|Any CPU.ActiveCfg = Release|Any CPU
		{052A03A0-F057-E3DC-951F-9CB04B43F2DF}.Release|Any CPU.Build.0 = Release|Any CPU
		{174DF21B-96F1-2AAC-6DFA-BA4D41DBFF14}.Debug|Any CPU.ActiveCfg = Debug|Any CPU
		{174DF21B-96F1-2AAC-6DFA-BA4D41DBFF14}.Debug|Any CPU.Build.0 = Debug|Any CPU
		{174DF21B-96F1-2AAC-6DFA-BA4D41DBFF14}.Release|Any CPU.ActiveCfg = Release|Any CPU
		{174DF21B-96F1-2AAC-6DFA-BA4D41DBFF14}.Release|Any CPU.Build.0 = Release|Any CPU
	EndGlobalSection
	GlobalSection(SolutionProperties) = preSolution
		HideSolutionNode = FALSE
	EndGlobalSection
EndGlobal
